
Microsoft Visual Studio Solution File, Format Version 12.00
# Visual Studio 15
VisualStudioVersion = 15.0.28307.1382
MinimumVisualStudioVersion = 10.0.40219.1
Project("{FAE04EC0-301F-11D3-BF4B-00C04F79EFBC}") = "SuperGrid_V2", "SuperGrid\SuperGrid_V2.csproj", "{B2F07272-22DA-424F-A642-3D6FD48313BE}"
EndProject
Global
	GlobalSection(SolutionConfigurationPlatforms) = preSolution
		Debug|Any CPU = Debug|Any CPU
		Release|Any CPU = Release|Any CPU
	EndGlobalSection
	GlobalSection(ProjectConfigurationPlatforms) = postSolution
		{B2F07272-22DA-424F-A642-3D6FD48313BE}.Debug|Any CPU.ActiveCfg = Debug|Any CPU
		{B2F07272-22DA-424F-A642-3D6FD48313BE}.Debug|Any CPU.Build.0 = Debug|Any CPU
		{B2F07272-22DA-424F-A642-3D6FD48313BE}.Release|Any CPU.ActiveCfg = Release|Any CPU
		{B2F07272-22DA-424F-A642-3D6FD48313BE}.Release|Any CPU.Build.0 = Release|Any CPU
	EndGlobalSection
	GlobalSection(SolutionProperties) = preSolution
		HideSolutionNode = FALSE
	EndGlobalSection
	GlobalSection(ExtensibilityGlobals) = postSolution
		SolutionGuid = {F37DB0F1-8EA3-4F61-8FA1-87D268A952B5}
	EndGlobalSection
EndGlobal
