
Microsoft Visual Studio Solution File, Format Version 12.00
# Visual Studio 15
VisualStudioVersion = 15.0.28307.1382
MinimumVisualStudioVersion = 10.0.40219.1
Project("{FAE04EC0-301F-11D3-BF4B-00C04F79EFBC}") = "AgendaContactos_DAM", "AgendaContactos_DAM\AgendaContactos_DAM.csproj", "{3844D835-6A39-4C0B-B279-36638C7F2C1A}"
EndProject
Global
	GlobalSection(SolutionConfigurationPlatforms) = preSolution
		Debug|Any CPU = Debug|Any CPU
		Release|Any CPU = Release|Any CPU
	EndGlobalSection
	GlobalSection(ProjectConfigurationPlatforms) = postSolution
		{3844D835-6A39-4C0B-B279-36638C7F2C1A}.Debug|Any CPU.ActiveCfg = Debug|Any CPU
		{3844D835-6A39-4C0B-B279-36638C7F2C1A}.Debug|Any CPU.Build.0 = Debug|Any CPU
		{3844D835-6A39-4C0B-B279-36638C7F2C1A}.Release|Any CPU.ActiveCfg = Release|Any CPU
		{3844D835-6A39-4C0B-B279-36638C7F2C1A}.Release|Any CPU.Build.0 = Release|Any CPU
	EndGlobalSection
	GlobalSection(SolutionProperties) = preSolution
		HideSolutionNode = FALSE
	EndGlobalSection
	GlobalSection(ExtensibilityGlobals) = postSolution
		SolutionGuid = {3A4CA72C-963B-46BB-B93F-FE22DD7873F1}
	EndGlobalSection
EndGlobal
