
Microsoft Visual Studio Solution File, Format Version 12.00
# Visual Studio 15
VisualStudioVersion = 15.0.28307.1321
MinimumVisualStudioVersion = 10.0.40219.1
Project("{FAE04EC0-301F-11D3-BF4B-00C04F79EFBC}") = "NOVIEMBRE_PABLO_VISORIMAGEN", "NOVIEMBRE_PABLO_VISORIMAGEN\NOVIEMBRE_PABLO_VISORIMAGEN.csproj", "{F7EE31CF-A6F5-4AA5-B56B-65CAF740391A}"
EndProject
Global
	GlobalSection(SolutionConfigurationPlatforms) = preSolution
		Debug|Any CPU = Debug|Any CPU
		Release|Any CPU = Release|Any CPU
	EndGlobalSection
	GlobalSection(ProjectConfigurationPlatforms) = postSolution
		{F7EE31CF-A6F5-4AA5-B56B-65CAF740391A}.Debug|Any CPU.ActiveCfg = Debug|Any CPU
		{F7EE31CF-A6F5-4AA5-B56B-65CAF740391A}.Debug|Any CPU.Build.0 = Debug|Any CPU
		{F7EE31CF-A6F5-4AA5-B56B-65CAF740391A}.Release|Any CPU.ActiveCfg = Release|Any CPU
		{F7EE31CF-A6F5-4AA5-B56B-65CAF740391A}.Release|Any CPU.Build.0 = Release|Any CPU
	EndGlobalSection
	GlobalSection(SolutionProperties) = preSolution
		HideSolutionNode = FALSE
	EndGlobalSection
	GlobalSection(ExtensibilityGlobals) = postSolution
		SolutionGuid = {AF62B1B4-917E-47C2-A888-276E89B0702E}
	EndGlobalSection
EndGlobal
