
Microsoft Visual Studio Solution File, Format Version 12.00
# Visual Studio 15
VisualStudioVersion = 15.0.28307.1321
MinimumVisualStudioVersion = 10.0.40219.1
Project("{CC5FD16D-436D-48AD-A40C-5A424C6E3E79}") = "AzureCloudSrv1", "AzureCloudSrv1\AzureCloudSrv1.ccproj", "{B5C4BF87-A9EB-4570-A30A-BA82CD36EF18}"
EndProject
Project("{FAE04EC0-301F-11D3-BF4B-00C04F79EFBC}") = "WorkerRole1", "WorkerRole1\WorkerRole1.csproj", "{5BCDEBEE-A581-455E-A98A-84325E9C1B9C}"
EndProject
Global
	GlobalSection(SolutionConfigurationPlatforms) = preSolution
		Debug|Any CPU = Debug|Any CPU
		Release|Any CPU = Release|Any CPU
	EndGlobalSection
	GlobalSection(ProjectConfigurationPlatforms) = postSolution
		{B5C4BF87-A9EB-4570-A30A-BA82CD36EF18}.Debug|Any CPU.ActiveCfg = Debug|Any CPU
		{B5C4BF87-A9EB-4570-A30A-BA82CD36EF18}.Debug|Any CPU.Build.0 = Debug|Any CPU
		{B5C4BF87-A9EB-4570-A30A-BA82CD36EF18}.Release|Any CPU.ActiveCfg = Release|Any CPU
		{B5C4BF87-A9EB-4570-A30A-BA82CD36EF18}.Release|Any CPU.Build.0 = Release|Any CPU
		{5BCDEBEE-A581-455E-A98A-84325E9C1B9C}.Debug|Any CPU.ActiveCfg = Debug|Any CPU
		{5BCDEBEE-A581-455E-A98A-84325E9C1B9C}.Debug|Any CPU.Build.0 = Debug|Any CPU
		{5BCDEBEE-A581-455E-A98A-84325E9C1B9C}.Release|Any CPU.ActiveCfg = Release|Any CPU
		{5BCDEBEE-A581-455E-A98A-84325E9C1B9C}.Release|Any CPU.Build.0 = Release|Any CPU
	EndGlobalSection
	GlobalSection(SolutionProperties) = preSolution
		HideSolutionNode = FALSE
	EndGlobalSection
	GlobalSection(ExtensibilityGlobals) = postSolution
		SolutionGuid = {220F72C1-5264-42D2-95CF-95149FB0725E}
	EndGlobalSection
EndGlobal
